
Microsoft Visual Studio Solution File, Format Version 12.00
# Visual Studio Version 17
VisualStudioVersion = 17.5.002.0
MinimumVisualStudioVersion = 10.0.40219.1
Project("{2150E333-8FDC-42A3-9474-1A3956D46DE8}") = "C-Sharp", "C-Sharp", "{DACF64E4-6249-4BE8-9FCE-1EDD653E7B62}"
EndProject
Project("{9A19103F-16F7-4668-BE54-9A1E7A4F7556}") = "Lox", "C-Sharp\lox\Lox.csproj", "{F2803374-DBD6-4107-B7FD-6C398C82E2F8}"
EndProject
Project("{9A19103F-16F7-4668-BE54-9A1E7A4F7556}") = "GenerateAst", "C-Sharp\tools\GenerateAst.csproj", "{9409EEB1-D4B9-41FC-AB47-04EB22F2A1F7}"
EndProject
Global
	GlobalSection(SolutionConfigurationPlatforms) = preSolution
		Debug|Any CPU = Debug|Any CPU
		Release|Any CPU = Release|Any CPU
	EndGlobalSection
	GlobalSection(ProjectConfigurationPlatforms) = postSolution
		{F2803374-DBD6-4107-B7FD-6C398C82E2F8}.Debug|Any CPU.ActiveCfg = Debug|Any CPU
		{F2803374-DBD6-4107-B7FD-6C398C82E2F8}.Debug|Any CPU.Build.0 = Debug|Any CPU
		{F2803374-DBD6-4107-B7FD-6C398C82E2F8}.Release|Any CPU.ActiveCfg = Release|Any CPU
		{F2803374-DBD6-4107-B7FD-6C398C82E2F8}.Release|Any CPU.Build.0 = Release|Any CPU
		{9409EEB1-D4B9-41FC-AB47-04EB22F2A1F7}.Debug|Any CPU.ActiveCfg = Debug|Any CPU
		{9409EEB1-D4B9-41FC-AB47-04EB22F2A1F7}.Debug|Any CPU.Build.0 = Debug|Any CPU
		{9409EEB1-D4B9-41FC-AB47-04EB22F2A1F7}.Release|Any CPU.ActiveCfg = Release|Any CPU
		{9409EEB1-D4B9-41FC-AB47-04EB22F2A1F7}.Release|Any CPU.Build.0 = Release|Any CPU
	EndGlobalSection
	GlobalSection(SolutionProperties) = preSolution
		HideSolutionNode = FALSE
	EndGlobalSection
	GlobalSection(NestedProjects) = preSolution
		{F2803374-DBD6-4107-B7FD-6C398C82E2F8} = {DACF64E4-6249-4BE8-9FCE-1EDD653E7B62}
		{9409EEB1-D4B9-41FC-AB47-04EB22F2A1F7} = {DACF64E4-6249-4BE8-9FCE-1EDD653E7B62}
	EndGlobalSection
	GlobalSection(ExtensibilityGlobals) = postSolution
		SolutionGuid = {FFB757E0-514E-40C1-A2A5-ACBDC320C14C}
	EndGlobalSection
EndGlobal
