
Microsoft Visual Studio Solution File, Format Version 12.00
# Visual Studio Version 17
VisualStudioVersion = 17.5.002.0
MinimumVisualStudioVersion = 10.0.40219.1
Project("{2150E333-8FDC-42A3-9474-1A3956D46DE8}") = "C-Sharp", "C-Sharp", "{3B01652B-A6DD-49C9-8F72-A2E64420F3F1}"
EndProject
Project("{9A19103F-16F7-4668-BE54-9A1E7A4F7556}") = "GenerateAst", "C-Sharp\tools\GenerateAst.csproj", "{54BBDC8C-D474-4060-9E38-5E0C0FC2DDA5}"
EndProject
Project("{9A19103F-16F7-4668-BE54-9A1E7A4F7556}") = "Lox", "C-Sharp\lox\Lox.csproj", "{0223E421-2E10-4B67-B080-7079ABEA986B}"
EndProject
Global
	GlobalSection(SolutionConfigurationPlatforms) = preSolution
		Debug|Any CPU = Debug|Any CPU
		Release|Any CPU = Release|Any CPU
	EndGlobalSection
	GlobalSection(ProjectConfigurationPlatforms) = postSolution
		{54BBDC8C-D474-4060-9E38-5E0C0FC2DDA5}.Debug|Any CPU.ActiveCfg = Debug|Any CPU
		{54BBDC8C-D474-4060-9E38-5E0C0FC2DDA5}.Debug|Any CPU.Build.0 = Debug|Any CPU
		{54BBDC8C-D474-4060-9E38-5E0C0FC2DDA5}.Release|Any CPU.ActiveCfg = Release|Any CPU
		{54BBDC8C-D474-4060-9E38-5E0C0FC2DDA5}.Release|Any CPU.Build.0 = Release|Any CPU
		{0223E421-2E10-4B67-B080-7079ABEA986B}.Debug|Any CPU.ActiveCfg = Debug|Any CPU
		{0223E421-2E10-4B67-B080-7079ABEA986B}.Debug|Any CPU.Build.0 = Debug|Any CPU
		{0223E421-2E10-4B67-B080-7079ABEA986B}.Release|Any CPU.ActiveCfg = Release|Any CPU
		{0223E421-2E10-4B67-B080-7079ABEA986B}.Release|Any CPU.Build.0 = Release|Any CPU
	EndGlobalSection
	GlobalSection(SolutionProperties) = preSolution
		HideSolutionNode = FALSE
	EndGlobalSection
	GlobalSection(NestedProjects) = preSolution
		{54BBDC8C-D474-4060-9E38-5E0C0FC2DDA5} = {3B01652B-A6DD-49C9-8F72-A2E64420F3F1}
		{0223E421-2E10-4B67-B080-7079ABEA986B} = {3B01652B-A6DD-49C9-8F72-A2E64420F3F1}
	EndGlobalSection
	GlobalSection(ExtensibilityGlobals) = postSolution
		SolutionGuid = {1BB82C88-F9C0-4617-9DF2-D5DC0343385F}
	EndGlobalSection
EndGlobal
